
Microsoft Visual Studio Solution File, Format Version 12.00
# Visual Studio 2012
Project("{FAE04EC0-301F-11D3-BF4B-00C04F79EFBC}") = "Console", "AdaptiveAccessLayerSpike\Console.csproj", "{012E2E9A-CD09-4E42-8384-5122244259FE}"
EndProject
Project("{FAE04EC0-301F-11D3-BF4B-00C04F79EFBC}") = "Test", "Test\Test.csproj", "{9AD0D40E-4916-4E22-979A-AF986A482C6C}"
EndProject
Global
	GlobalSection(SolutionConfigurationPlatforms) = preSolution
		Debug|Any CPU = Debug|Any CPU
		Release|Any CPU = Release|Any CPU
	EndGlobalSection
	GlobalSection(ProjectConfigurationPlatforms) = postSolution
		{012E2E9A-CD09-4E42-8384-5122244259FE}.Debug|Any CPU.ActiveCfg = Debug|Any CPU
		{012E2E9A-CD09-4E42-8384-5122244259FE}.Debug|Any CPU.Build.0 = Debug|Any CPU
		{012E2E9A-CD09-4E42-8384-5122244259FE}.Release|Any CPU.ActiveCfg = Release|Any CPU
		{012E2E9A-CD09-4E42-8384-5122244259FE}.Release|Any CPU.Build.0 = Release|Any CPU
		{9AD0D40E-4916-4E22-979A-AF986A482C6C}.Debug|Any CPU.ActiveCfg = Debug|Any CPU
		{9AD0D40E-4916-4E22-979A-AF986A482C6C}.Debug|Any CPU.Build.0 = Debug|Any CPU
		{9AD0D40E-4916-4E22-979A-AF986A482C6C}.Release|Any CPU.ActiveCfg = Release|Any CPU
		{9AD0D40E-4916-4E22-979A-AF986A482C6C}.Release|Any CPU.Build.0 = Release|Any CPU
	EndGlobalSection
	GlobalSection(SolutionProperties) = preSolution
		HideSolutionNode = FALSE
	EndGlobalSection
EndGlobal
